
Microsoft Visual Studio Solution File, Format Version 12.00
# Visual Studio Version 16
VisualStudioVersion = 16.0.30104.148
MinimumVisualStudioVersion = 10.0.40219.1
Project("{FAE04EC0-301F-11D3-BF4B-00C04F79EFBC}") = "OP", "OP\OP.csproj", "{9DB94F34-4938-46A1-B50C-F0CB91D6D181}"
EndProject
Global
	GlobalSection(SolutionConfigurationPlatforms) = preSolution
		Debug|Any CPU = Debug|Any CPU
		Release|Any CPU = Release|Any CPU
	EndGlobalSection
	GlobalSection(ProjectConfigurationPlatforms) = postSolution
		{9DB94F34-4938-46A1-B50C-F0CB91D6D181}.Debug|Any CPU.ActiveCfg = Debug|Any CPU
		{9DB94F34-4938-46A1-B50C-F0CB91D6D181}.Debug|Any CPU.Build.0 = Debug|Any CPU
		{9DB94F34-4938-46A1-B50C-F0CB91D6D181}.Release|Any CPU.ActiveCfg = Release|Any CPU
		{9DB94F34-4938-46A1-B50C-F0CB91D6D181}.Release|Any CPU.Build.0 = Release|Any CPU
	EndGlobalSection
	GlobalSection(SolutionProperties) = preSolution
		HideSolutionNode = FALSE
	EndGlobalSection
	GlobalSection(ExtensibilityGlobals) = postSolution
		SolutionGuid = {DF2652B8-031E-4F7E-9BE8-0874DE8A98F6}
	EndGlobalSection
EndGlobal
